
Microsoft Visual Studio Solution File, Format Version 12.00
# Visual Studio Version 16
VisualStudioVersion = 16.0.28621.142
MinimumVisualStudioVersion = 10.0.40219.1
Project("{9A19103F-16F7-4668-BE54-9A1E7A4F7556}") = "FirstDotNetCoreAngularApp", "FirstDotNetCoreAngularApp\FirstDotNetCoreAngularApp.csproj", "{A8313DE8-5026-451D-8AB4-8C1B4CAEA600}"
EndProject
Project("{9A19103F-16F7-4668-BE54-9A1E7A4F7556}") = "Model", "Model\Model.csproj", "{AF63C23C-932D-4FD0-8EB1-1664EEB397FA}"
EndProject
Project("{9A19103F-16F7-4668-BE54-9A1E7A4F7556}") = "Repository", "Repository\Repository.csproj", "{B90A967F-39A7-4C71-8723-BC837EAF3A8D}"
EndProject
Project("{9A19103F-16F7-4668-BE54-9A1E7A4F7556}") = "Service", "Service\Service.csproj", "{BC4CE207-3B20-4DC7-9591-DEF6A081B964}"
EndProject
Project("{FAE04EC0-301F-11D3-BF4B-00C04F79EFBC}") = "ViewModel", "ViewModel\ViewModel.csproj", "{7856F626-258C-47B7-AC03-4981D51FA9C7}"
EndProject
Global
	GlobalSection(SolutionConfigurationPlatforms) = preSolution
		Debug|Any CPU = Debug|Any CPU
		Release|Any CPU = Release|Any CPU
	EndGlobalSection
	GlobalSection(ProjectConfigurationPlatforms) = postSolution
		{A8313DE8-5026-451D-8AB4-8C1B4CAEA600}.Debug|Any CPU.ActiveCfg = Debug|Any CPU
		{A8313DE8-5026-451D-8AB4-8C1B4CAEA600}.Debug|Any CPU.Build.0 = Debug|Any CPU
		{A8313DE8-5026-451D-8AB4-8C1B4CAEA600}.Release|Any CPU.ActiveCfg = Release|Any CPU
		{A8313DE8-5026-451D-8AB4-8C1B4CAEA600}.Release|Any CPU.Build.0 = Release|Any CPU
		{AF63C23C-932D-4FD0-8EB1-1664EEB397FA}.Debug|Any CPU.ActiveCfg = Debug|Any CPU
		{AF63C23C-932D-4FD0-8EB1-1664EEB397FA}.Debug|Any CPU.Build.0 = Debug|Any CPU
		{AF63C23C-932D-4FD0-8EB1-1664EEB397FA}.Release|Any CPU.ActiveCfg = Release|Any CPU
		{AF63C23C-932D-4FD0-8EB1-1664EEB397FA}.Release|Any CPU.Build.0 = Release|Any CPU
		{B90A967F-39A7-4C71-8723-BC837EAF3A8D}.Debug|Any CPU.ActiveCfg = Debug|Any CPU
		{B90A967F-39A7-4C71-8723-BC837EAF3A8D}.Debug|Any CPU.Build.0 = Debug|Any CPU
		{B90A967F-39A7-4C71-8723-BC837EAF3A8D}.Release|Any CPU.ActiveCfg = Release|Any CPU
		{B90A967F-39A7-4C71-8723-BC837EAF3A8D}.Release|Any CPU.Build.0 = Release|Any CPU
		{BC4CE207-3B20-4DC7-9591-DEF6A081B964}.Debug|Any CPU.ActiveCfg = Debug|Any CPU
		{BC4CE207-3B20-4DC7-9591-DEF6A081B964}.Debug|Any CPU.Build.0 = Debug|Any CPU
		{BC4CE207-3B20-4DC7-9591-DEF6A081B964}.Release|Any CPU.ActiveCfg = Release|Any CPU
		{BC4CE207-3B20-4DC7-9591-DEF6A081B964}.Release|Any CPU.Build.0 = Release|Any CPU
		{7856F626-258C-47B7-AC03-4981D51FA9C7}.Debug|Any CPU.ActiveCfg = Debug|Any CPU
		{7856F626-258C-47B7-AC03-4981D51FA9C7}.Debug|Any CPU.Build.0 = Debug|Any CPU
		{7856F626-258C-47B7-AC03-4981D51FA9C7}.Release|Any CPU.ActiveCfg = Release|Any CPU
		{7856F626-258C-47B7-AC03-4981D51FA9C7}.Release|Any CPU.Build.0 = Release|Any CPU
	EndGlobalSection
	GlobalSection(SolutionProperties) = preSolution
		HideSolutionNode = FALSE
	EndGlobalSection
	GlobalSection(ExtensibilityGlobals) = postSolution
		SolutionGuid = {90C17074-7AD4-41E8-8C5A-54BF793E5F86}
	EndGlobalSection
EndGlobal
